
Microsoft Visual Studio Solution File, Format Version 12.00
# Visual Studio 15
VisualStudioVersion = 15.0.28307.2092
MinimumVisualStudioVersion = 10.0.40219.1
Project("{8BC9CEB8-8B4A-11D0-8D11-00A0C91BC942}") = "Project3", "Project3\Project3.vcxproj", "{25E78B1F-52A1-4E5F-AD0D-034ECB887B12}"
EndProject
Global
	GlobalSection(SolutionConfigurationPlatforms) = preSolution
		Debug|x64 = Debug|x64
		Debug|x86 = Debug|x86
		Release|x64 = Release|x64
		Release|x86 = Release|x86
	EndGlobalSection
	GlobalSection(ProjectConfigurationPlatforms) = postSolution
		{25E78B1F-52A1-4E5F-AD0D-034ECB887B12}.Debug|x64.ActiveCfg = Debug|x64
		{25E78B1F-52A1-4E5F-AD0D-034ECB887B12}.Debug|x64.Build.0 = Debug|x64
		{25E78B1F-52A1-4E5F-AD0D-034ECB887B12}.Debug|x86.ActiveCfg = Debug|Win32
		{25E78B1F-52A1-4E5F-AD0D-034ECB887B12}.Debug|x86.Build.0 = Debug|Win32
		{25E78B1F-52A1-4E5F-AD0D-034ECB887B12}.Release|x64.ActiveCfg = Release|x64
		{25E78B1F-52A1-4E5F-AD0D-034ECB887B12}.Release|x64.Build.0 = Release|x64
		{25E78B1F-52A1-4E5F-AD0D-034ECB887B12}.Release|x86.ActiveCfg = Release|Win32
		{25E78B1F-52A1-4E5F-AD0D-034ECB887B12}.Release|x86.Build.0 = Release|Win32
	EndGlobalSection
	GlobalSection(SolutionProperties) = preSolution
		HideSolutionNode = FALSE
	EndGlobalSection
	GlobalSection(ExtensibilityGlobals) = postSolution
		SolutionGuid = {EE259B6E-3729-4E14-BEEC-0AFA3EC1AA39}
	EndGlobalSection
EndGlobal
